
Microsoft Visual Studio Solution File, Format Version 12.00
Project("{FAE04EC0-301F-11D3-BF4B-00C04F79EFBC}") = "Scraper", "Scraper\Scraper.csproj", "{40A3264A-9DC0-4379-8191-26252F9784D9}"
EndProject
Project("{FAE04EC0-301F-11D3-BF4B-00C04F79EFBC}") = "Console", "Console\Console.csproj", "{559FDBB3-C5C9-4868-ABE9-4921B27D9A99}"
EndProject
Global
	GlobalSection(SolutionConfigurationPlatforms) = preSolution
		Debug|Any CPU = Debug|Any CPU
		Release|Any CPU = Release|Any CPU
	EndGlobalSection
	GlobalSection(ProjectConfigurationPlatforms) = postSolution
		{40A3264A-9DC0-4379-8191-26252F9784D9}.Debug|Any CPU.ActiveCfg = Debug|Any CPU
		{40A3264A-9DC0-4379-8191-26252F9784D9}.Debug|Any CPU.Build.0 = Debug|Any CPU
		{40A3264A-9DC0-4379-8191-26252F9784D9}.Release|Any CPU.ActiveCfg = Release|Any CPU
		{40A3264A-9DC0-4379-8191-26252F9784D9}.Release|Any CPU.Build.0 = Release|Any CPU
		{559FDBB3-C5C9-4868-ABE9-4921B27D9A99}.Debug|Any CPU.ActiveCfg = Debug|Any CPU
		{559FDBB3-C5C9-4868-ABE9-4921B27D9A99}.Debug|Any CPU.Build.0 = Debug|Any CPU
		{559FDBB3-C5C9-4868-ABE9-4921B27D9A99}.Release|Any CPU.ActiveCfg = Release|Any CPU
		{559FDBB3-C5C9-4868-ABE9-4921B27D9A99}.Release|Any CPU.Build.0 = Release|Any CPU
	EndGlobalSection
EndGlobal
